
Microsoft Visual Studio Solution File, Format Version 11.00
# Visual Studio 2010
Project("{FAE04EC0-301F-11D3-BF4B-00C04F79EFBC}") = "ViewSwitcherMvc4", "ViewSwitcherMvc4\ViewSwitcherMvc4.csproj", "{2449BF95-C897-480E-8CEB-74AF8D365836}"
EndProject
Global
	GlobalSection(SolutionConfigurationPlatforms) = preSolution
		Debug|Any CPU = Debug|Any CPU
		Release|Any CPU = Release|Any CPU
	EndGlobalSection
	GlobalSection(ProjectConfigurationPlatforms) = postSolution
		{2449BF95-C897-480E-8CEB-74AF8D365836}.Debug|Any CPU.ActiveCfg = Debug|Any CPU
		{2449BF95-C897-480E-8CEB-74AF8D365836}.Debug|Any CPU.Build.0 = Debug|Any CPU
		{2449BF95-C897-480E-8CEB-74AF8D365836}.Release|Any CPU.ActiveCfg = Release|Any CPU
		{2449BF95-C897-480E-8CEB-74AF8D365836}.Release|Any CPU.Build.0 = Release|Any CPU
	EndGlobalSection
	GlobalSection(SolutionProperties) = preSolution
		HideSolutionNode = FALSE
	EndGlobalSection
EndGlobal
